// !$*UTF8*$!
{
	archiveVersion = 1;
	classes = {
	};
	objectVersion = 56;
	objects = {

/* Begin PBXBuildFile section */
		A22A1E6A2C36E36800E3FF4D /* ConveneApp.swift in Sources */ = {isa = PBXBuildFile; fileRef = A22A1E692C36E36800E3FF4D /* ConveneApp.swift */; };
		A22A1E6C2C36E36800E3FF4D /* ContentView.swift in Sources */ = {isa = PBXBuildFile; fileRef = A22A1E6B2C36E36800E3FF4D /* ContentView.swift */; };
		A22A1E6E2C36E36C00E3FF4D /* Assets.xcassets in Resources */ = {isa = PBXBuildFile; fileRef = A22A1E6D2C36E36C00E3FF4D /* Assets.xcassets */; };
		A22A1E712C36E36C00E3FF4D /* Preview Assets.xcassets in Resources */ = {isa = PBXBuildFile; fileRef = A22A1E702C36E36C00E3FF4D /* Preview Assets.xcassets */; };
		A22A1E7B2C36E36C00E3FF4D /* ConveneTests.swift in Sources */ = {isa = PBXBuildFile; fileRef = A22A1E7A2C36E36C00E3FF4D /* ConveneTests.swift */; };
		A22A1E852C36E36C00E3FF4D /* ConveneUITests.swift in Sources */ = {isa = PBXBuildFile; fileRef = A22A1E842C36E36C00E3FF4D /* ConveneUITests.swift */; };
		A22A1E872C36E36C00E3FF4D /* ConveneUITestsLaunchTests.swift in Sources */ = {isa = PBXBuildFile; fileRef = A22A1E862C36E36C00E3FF4D /* ConveneUITestsLaunchTests.swift */; };
		A22A1E942C36E6BD00E3FF4D /* Colors.xcassets in Resources */ = {isa = PBXBuildFile; fileRef = A22A1E932C36E6BD00E3FF4D /* Colors.xcassets */; };
		A22A1E992C36E84000E3FF4D /* HomeView.swift in Sources */ = {isa = PBXBuildFile; fileRef = A22A1E982C36E84000E3FF4D /* HomeView.swift */; };
		A22A1E9C2C36E97B00E3FF4D /* ViewInspector in Frameworks */ = {isa = PBXBuildFile; productRef = A22A1E9B2C36E97B00E3FF4D /* ViewInspector */; };
		A22A1E9F2C36E99800E3FF4D /* HomeViewTests.swift in Sources */ = {isa = PBXBuildFile; fileRef = A22A1E9E2C36E99800E3FF4D /* HomeViewTests.swift */; };
		A22A1EA32C36ECCD00E3FF4D /* PostView.swift in Sources */ = {isa = PBXBuildFile; fileRef = A22A1EA22C36ECCD00E3FF4D /* PostView.swift */; };
		A22A1EA62C36EEDD00E3FF4D /* ButtonWithImage.swift in Sources */ = {isa = PBXBuildFile; fileRef = A22A1EA52C36EEDD00E3FF4D /* ButtonWithImage.swift */; };
		A22A1EA82C36F3CD00E3FF4D /* ButtonWithTextImage.swift in Sources */ = {isa = PBXBuildFile; fileRef = A22A1EA72C36F3CD00E3FF4D /* ButtonWithTextImage.swift */; };
		A22A1EAC2C37000400E3FF4D /* PreferenceView.swift in Sources */ = {isa = PBXBuildFile; fileRef = A22A1EAB2C37000400E3FF4D /* PreferenceView.swift */; };
		A22A1EAE2C372EDC00E3FF4D /* TextButton.swift in Sources */ = {isa = PBXBuildFile; fileRef = A22A1EAD2C372EDC00E3FF4D /* TextButton.swift */; };
		A22A1EB22C373F0500E3FF4D /* ProfileView.swift in Sources */ = {isa = PBXBuildFile; fileRef = A22A1EB12C373F0500E3FF4D /* ProfileView.swift */; };
		A22A1EFB2C385EE100E3FF4D /* AboutMeView.swift in Sources */ = {isa = PBXBuildFile; fileRef = A22A1EFA2C385EE100E3FF4D /* AboutMeView.swift */; };
		A22A1EFD2C385F6900E3FF4D /* InterestsView.swift in Sources */ = {isa = PBXBuildFile; fileRef = A22A1EFC2C385F6900E3FF4D /* InterestsView.swift */; };
		A22A1EFF2C385FCF00E3FF4D /* ProfileEventView.swift in Sources */ = {isa = PBXBuildFile; fileRef = A22A1EFE2C385FCF00E3FF4D /* ProfileEventView.swift */; };
		A22A1F012C38604700E3FF4D /* SegmentInfoView.swift in Sources */ = {isa = PBXBuildFile; fileRef = A22A1F002C38604700E3FF4D /* SegmentInfoView.swift */; };
		A22A1F052C3864FD00E3FF4D /* CreateEventView.swift in Sources */ = {isa = PBXBuildFile; fileRef = A22A1F042C3864FD00E3FF4D /* CreateEventView.swift */; };
		A22A1F082C38660300E3FF4D /* EventViewModel.swift in Sources */ = {isa = PBXBuildFile; fileRef = A22A1F072C38660300E3FF4D /* EventViewModel.swift */; };
		A22A1F0A2C399A2800E3FF4D /* EventGuestView.swift in Sources */ = {isa = PBXBuildFile; fileRef = A22A1F092C399A2800E3FF4D /* EventGuestView.swift */; };
		A22A1F0C2C39F4BA00E3FF4D /* TodayEventView.swift in Sources */ = {isa = PBXBuildFile; fileRef = A22A1F0B2C39F4BA00E3FF4D /* TodayEventView.swift */; };
/* End PBXBuildFile section */

/* Begin PBXContainerItemProxy section */
		A22A1E772C36E36C00E3FF4D /* PBXContainerItemProxy */ = {
			isa = PBXContainerItemProxy;
			containerPortal = A22A1E5E2C36E36800E3FF4D /* Project object */;
			proxyType = 1;
			remoteGlobalIDString = A22A1E652C36E36800E3FF4D;
			remoteInfo = Convene;
		};
		A22A1E812C36E36C00E3FF4D /* PBXContainerItemProxy */ = {
			isa = PBXContainerItemProxy;
			containerPortal = A22A1E5E2C36E36800E3FF4D /* Project object */;
			proxyType = 1;
			remoteGlobalIDString = A22A1E652C36E36800E3FF4D;
			remoteInfo = Convene;
		};
/* End PBXContainerItemProxy section */

/* Begin PBXFileReference section */
		A22A1E662C36E36800E3FF4D /* Convene.app */ = {isa = PBXFileReference; explicitFileType = wrapper.application; includeInIndex = 0; path = Convene.app; sourceTree = BUILT_PRODUCTS_DIR; };
		A22A1E692C36E36800E3FF4D /* ConveneApp.swift */ = {isa = PBXFileReference; lastKnownFileType = sourcecode.swift; path = ConveneApp.swift; sourceTree = "<group>"; };
		A22A1E6B2C36E36800E3FF4D /* ContentView.swift */ = {isa = PBXFileReference; lastKnownFileType = sourcecode.swift; path = ContentView.swift; sourceTree = "<group>"; };
		A22A1E6D2C36E36C00E3FF4D /* Assets.xcassets */ = {isa = PBXFileReference; lastKnownFileType = folder.assetcatalog; path = Assets.xcassets; sourceTree = "<group>"; };
		A22A1E702C36E36C00E3FF4D /* Preview Assets.xcassets */ = {isa = PBXFileReference; lastKnownFileType = folder.assetcatalog; path = "Preview Assets.xcassets"; sourceTree = "<group>"; };
		A22A1E762C36E36C00E3FF4D /* ConveneTests.xctest */ = {isa = PBXFileReference; explicitFileType = wrapper.cfbundle; includeInIndex = 0; path = ConveneTests.xctest; sourceTree = BUILT_PRODUCTS_DIR; };
		A22A1E7A2C36E36C00E3FF4D /* ConveneTests.swift */ = {isa = PBXFileReference; lastKnownFileType = sourcecode.swift; path = ConveneTests.swift; sourceTree = "<group>"; };
		A22A1E802C36E36C00E3FF4D /* ConveneUITests.xctest */ = {isa = PBXFileReference; explicitFileType = wrapper.cfbundle; includeInIndex = 0; path = ConveneUITests.xctest; sourceTree = BUILT_PRODUCTS_DIR; };
		A22A1E842C36E36C00E3FF4D /* ConveneUITests.swift */ = {isa = PBXFileReference; lastKnownFileType = sourcecode.swift; path = ConveneUITests.swift; sourceTree = "<group>"; };
		A22A1E862C36E36C00E3FF4D /* ConveneUITestsLaunchTests.swift */ = {isa = PBXFileReference; lastKnownFileType = sourcecode.swift; path = ConveneUITestsLaunchTests.swift; sourceTree = "<group>"; };
		A22A1E932C36E6BD00E3FF4D /* Colors.xcassets */ = {isa = PBXFileReference; lastKnownFileType = folder.assetcatalog; path = Colors.xcassets; sourceTree = "<group>"; };
		A22A1E982C36E84000E3FF4D /* HomeView.swift */ = {isa = PBXFileReference; lastKnownFileType = sourcecode.swift; path = HomeView.swift; sourceTree = "<group>"; };
		A22A1E9E2C36E99800E3FF4D /* HomeViewTests.swift */ = {isa = PBXFileReference; lastKnownFileType = sourcecode.swift; path = HomeViewTests.swift; sourceTree = "<group>"; };
		A22A1EA22C36ECCD00E3FF4D /* PostView.swift */ = {isa = PBXFileReference; lastKnownFileType = sourcecode.swift; path = PostView.swift; sourceTree = "<group>"; };
		A22A1EA52C36EEDD00E3FF4D /* ButtonWithImage.swift */ = {isa = PBXFileReference; lastKnownFileType = sourcecode.swift; path = ButtonWithImage.swift; sourceTree = "<group>"; };
		A22A1EA72C36F3CD00E3FF4D /* ButtonWithTextImage.swift */ = {isa = PBXFileReference; lastKnownFileType = sourcecode.swift; path = ButtonWithTextImage.swift; sourceTree = "<group>"; };
		A22A1EAB2C37000400E3FF4D /* PreferenceView.swift */ = {isa = PBXFileReference; lastKnownFileType = sourcecode.swift; path = PreferenceView.swift; sourceTree = "<group>"; };
		A22A1EAD2C372EDC00E3FF4D /* TextButton.swift */ = {isa = PBXFileReference; lastKnownFileType = sourcecode.swift; path = TextButton.swift; sourceTree = "<group>"; };
		A22A1EB12C373F0500E3FF4D /* ProfileView.swift */ = {isa = PBXFileReference; lastKnownFileType = sourcecode.swift; path = ProfileView.swift; sourceTree = "<group>"; };
		A22A1EFA2C385EE100E3FF4D /* AboutMeView.swift */ = {isa = PBXFileReference; lastKnownFileType = sourcecode.swift; path = AboutMeView.swift; sourceTree = "<group>"; };
		A22A1EFC2C385F6900E3FF4D /* InterestsView.swift */ = {isa = PBXFileReference; lastKnownFileType = sourcecode.swift; path = InterestsView.swift; sourceTree = "<group>"; };
		A22A1EFE2C385FCF00E3FF4D /* ProfileEventView.swift */ = {isa = PBXFileReference; lastKnownFileType = sourcecode.swift; path = ProfileEventView.swift; sourceTree = "<group>"; };
		A22A1F002C38604700E3FF4D /* SegmentInfoView.swift */ = {isa = PBXFileReference; lastKnownFileType = sourcecode.swift; path = SegmentInfoView.swift; sourceTree = "<group>"; };
		A22A1F042C3864FD00E3FF4D /* CreateEventView.swift */ = {isa = PBXFileReference; lastKnownFileType = sourcecode.swift; path = CreateEventView.swift; sourceTree = "<group>"; };
		A22A1F072C38660300E3FF4D /* EventViewModel.swift */ = {isa = PBXFileReference; lastKnownFileType = sourcecode.swift; path = EventViewModel.swift; sourceTree = "<group>"; };
		A22A1F092C399A2800E3FF4D /* EventGuestView.swift */ = {isa = PBXFileReference; lastKnownFileType = sourcecode.swift; path = EventGuestView.swift; sourceTree = "<group>"; };
		A22A1F0B2C39F4BA00E3FF4D /* TodayEventView.swift */ = {isa = PBXFileReference; lastKnownFileType = sourcecode.swift; path = TodayEventView.swift; sourceTree = "<group>"; };
/* End PBXFileReference section */

/* Begin PBXFrameworksBuildPhase section */
		A22A1E632C36E36800E3FF4D /* Frameworks */ = {
			isa = PBXFrameworksBuildPhase;
			buildActionMask = 2147483647;
			files = (
			);
			runOnlyForDeploymentPostprocessing = 0;
		};
		A22A1E732C36E36C00E3FF4D /* Frameworks */ = {
			isa = PBXFrameworksBuildPhase;
			buildActionMask = 2147483647;
			files = (
				A22A1E9C2C36E97B00E3FF4D /* ViewInspector in Frameworks */,
			);
			runOnlyForDeploymentPostprocessing = 0;
		};
		A22A1E7D2C36E36C00E3FF4D /* Frameworks */ = {
			isa = PBXFrameworksBuildPhase;
			buildActionMask = 2147483647;
			files = (
			);
			runOnlyForDeploymentPostprocessing = 0;
		};
/* End PBXFrameworksBuildPhase section */

/* Begin PBXGroup section */
		A22A1E5D2C36E36800E3FF4D = {
			isa = PBXGroup;
			children = (
				A22A1E682C36E36800E3FF4D /* Convene */,
				A22A1E792C36E36C00E3FF4D /* ConveneTests */,
				A22A1E832C36E36C00E3FF4D /* ConveneUITests */,
				A22A1E672C36E36800E3FF4D /* Products */,
			);
			sourceTree = "<group>";
		};
		A22A1E672C36E36800E3FF4D /* Products */ = {
			isa = PBXGroup;
			children = (
				A22A1E662C36E36800E3FF4D /* Convene.app */,
				A22A1E762C36E36C00E3FF4D /* ConveneTests.xctest */,
				A22A1E802C36E36C00E3FF4D /* ConveneUITests.xctest */,
			);
			name = Products;
			sourceTree = "<group>";
		};
		A22A1E682C36E36800E3FF4D /* Convene */ = {
			isa = PBXGroup;
			children = (
				A22A1F022C3864B100E3FF4D /* Event */,
				A22A1EAF2C373EA000E3FF4D /* Profile */,
				A22A1EA92C36FEF000E3FF4D /* Preferences */,
				A22A1EA42C36EEC400E3FF4D /* Views */,
				A22A1EA02C36EC0B00E3FF4D /* PostView */,
				A22A1E962C36E82F00E3FF4D /* HomeView */,
				A22A1E952C36E77000E3FF4D /* SupportingFiles */,
				A22A1E6F2C36E36C00E3FF4D /* Preview Content */,
			);
			path = Convene;
			sourceTree = "<group>";
		};
		A22A1E6F2C36E36C00E3FF4D /* Preview Content */ = {
			isa = PBXGroup;
			children = (
				A22A1E702C36E36C00E3FF4D /* Preview Assets.xcassets */,
			);
			path = "Preview Content";
			sourceTree = "<group>";
		};
		A22A1E792C36E36C00E3FF4D /* ConveneTests */ = {
			isa = PBXGroup;
			children = (
				A22A1E9D2C36E98300E3FF4D /* HomeView */,
				A22A1E7A2C36E36C00E3FF4D /* ConveneTests.swift */,
			);
			path = ConveneTests;
			sourceTree = "<group>";
		};
		A22A1E832C36E36C00E3FF4D /* ConveneUITests */ = {
			isa = PBXGroup;
			children = (
				A22A1E842C36E36C00E3FF4D /* ConveneUITests.swift */,
				A22A1E862C36E36C00E3FF4D /* ConveneUITestsLaunchTests.swift */,
			);
			path = ConveneUITests;
			sourceTree = "<group>";
		};
		A22A1E952C36E77000E3FF4D /* SupportingFiles */ = {
			isa = PBXGroup;
			children = (
				A22A1E692C36E36800E3FF4D /* ConveneApp.swift */,
				A22A1E6B2C36E36800E3FF4D /* ContentView.swift */,
				A22A1E6D2C36E36C00E3FF4D /* Assets.xcassets */,
				A22A1E932C36E6BD00E3FF4D /* Colors.xcassets */,
			);
			path = SupportingFiles;
			sourceTree = "<group>";
		};
		A22A1E962C36E82F00E3FF4D /* HomeView */ = {
			isa = PBXGroup;
			children = (
				A22A1E972C36E83300E3FF4D /* Views */,
			);
			path = HomeView;
			sourceTree = "<group>";
		};
		A22A1E972C36E83300E3FF4D /* Views */ = {
			isa = PBXGroup;
			children = (
				A22A1E982C36E84000E3FF4D /* HomeView.swift */,
			);
			path = Views;
			sourceTree = "<group>";
		};
		A22A1E9D2C36E98300E3FF4D /* HomeView */ = {
			isa = PBXGroup;
			children = (
				A22A1E9E2C36E99800E3FF4D /* HomeViewTests.swift */,
			);
			path = HomeView;
			sourceTree = "<group>";
		};
		A22A1EA02C36EC0B00E3FF4D /* PostView */ = {
			isa = PBXGroup;
			children = (
				A22A1EA12C36ECBE00E3FF4D /* Views */,
			);
			path = PostView;
			sourceTree = "<group>";
		};
		A22A1EA12C36ECBE00E3FF4D /* Views */ = {
			isa = PBXGroup;
			children = (
				A22A1EA22C36ECCD00E3FF4D /* PostView.swift */,
			);
			path = Views;
			sourceTree = "<group>";
		};
		A22A1EA42C36EEC400E3FF4D /* Views */ = {
			isa = PBXGroup;
			children = (
				A22A1EA52C36EEDD00E3FF4D /* ButtonWithImage.swift */,
				A22A1EA72C36F3CD00E3FF4D /* ButtonWithTextImage.swift */,
				A22A1EAD2C372EDC00E3FF4D /* TextButton.swift */,
			);
			path = Views;
			sourceTree = "<group>";
		};
		A22A1EA92C36FEF000E3FF4D /* Preferences */ = {
			isa = PBXGroup;
			children = (
				A22A1EAA2C36FEF900E3FF4D /* Views */,
			);
			path = Preferences;
			sourceTree = "<group>";
		};
		A22A1EAA2C36FEF900E3FF4D /* Views */ = {
			isa = PBXGroup;
			children = (
				A22A1EAB2C37000400E3FF4D /* PreferenceView.swift */,
			);
			path = Views;
			sourceTree = "<group>";
		};
		A22A1EAF2C373EA000E3FF4D /* Profile */ = {
			isa = PBXGroup;
			children = (
				A22A1EB02C373EA400E3FF4D /* Views */,
			);
			path = Profile;
			sourceTree = "<group>";
		};
		A22A1EB02C373EA400E3FF4D /* Views */ = {
			isa = PBXGroup;
			children = (
				A22A1EB12C373F0500E3FF4D /* ProfileView.swift */,
				A22A1EFA2C385EE100E3FF4D /* AboutMeView.swift */,
				A22A1EFC2C385F6900E3FF4D /* InterestsView.swift */,
				A22A1EFE2C385FCF00E3FF4D /* ProfileEventView.swift */,
				A22A1F002C38604700E3FF4D /* SegmentInfoView.swift */,
			);
			path = Views;
			sourceTree = "<group>";
		};
		A22A1F022C3864B100E3FF4D /* Event */ = {
			isa = PBXGroup;
			children = (
				A22A1F062C3865BB00E3FF4D /* ViewModel */,
				A22A1F032C3864B800E3FF4D /* Views */,
			);
			path = Event;
			sourceTree = "<group>";
		};
		A22A1F032C3864B800E3FF4D /* Views */ = {
			isa = PBXGroup;
			children = (
				A22A1F042C3864FD00E3FF4D /* CreateEventView.swift */,
				A22A1F092C399A2800E3FF4D /* EventGuestView.swift */,
				A22A1F0B2C39F4BA00E3FF4D /* TodayEventView.swift */,
			);
			path = Views;
			sourceTree = "<group>";
		};
		A22A1F062C3865BB00E3FF4D /* ViewModel */ = {
			isa = PBXGroup;
			children = (
				A22A1F072C38660300E3FF4D /* EventViewModel.swift */,
			);
			path = ViewModel;
			sourceTree = "<group>";
		};
/* End PBXGroup section */

/* Begin PBXNativeTarget section */
		A22A1E652C36E36800E3FF4D /* Convene */ = {
			isa = PBXNativeTarget;
			buildConfigurationList = A22A1E8A2C36E36C00E3FF4D /* Build configuration list for PBXNativeTarget "Convene" */;
			buildPhases = (
				A22A1E622C36E36800E3FF4D /* Sources */,
				A22A1E632C36E36800E3FF4D /* Frameworks */,
				A22A1E642C36E36800E3FF4D /* Resources */,
			);
			buildRules = (
			);
			dependencies = (
			);
			name = Convene;
			productName = Convene;
			productReference = A22A1E662C36E36800E3FF4D /* Convene.app */;
			productType = "com.apple.product-type.application";
		};
		A22A1E752C36E36C00E3FF4D /* ConveneTests */ = {
			isa = PBXNativeTarget;
			buildConfigurationList = A22A1E8D2C36E36C00E3FF4D /* Build configuration list for PBXNativeTarget "ConveneTests" */;
			buildPhases = (
				A22A1E722C36E36C00E3FF4D /* Sources */,
				A22A1E732C36E36C00E3FF4D /* Frameworks */,
				A22A1E742C36E36C00E3FF4D /* Resources */,
			);
			buildRules = (
			);
			dependencies = (
				A22A1E782C36E36C00E3FF4D /* PBXTargetDependency */,
			);
			name = ConveneTests;
			packageProductDependencies = (
				A22A1E9B2C36E97B00E3FF4D /* ViewInspector */,
			);
			productName = ConveneTests;
			productReference = A22A1E762C36E36C00E3FF4D /* ConveneTests.xctest */;
			productType = "com.apple.product-type.bundle.unit-test";
		};
		A22A1E7F2C36E36C00E3FF4D /* ConveneUITests */ = {
			isa = PBXNativeTarget;
			buildConfigurationList = A22A1E902C36E36C00E3FF4D /* Build configuration list for PBXNativeTarget "ConveneUITests" */;
			buildPhases = (
				A22A1E7C2C36E36C00E3FF4D /* Sources */,
				A22A1E7D2C36E36C00E3FF4D /* Frameworks */,
				A22A1E7E2C36E36C00E3FF4D /* Resources */,
			);
			buildRules = (
			);
			dependencies = (
				A22A1E822C36E36C00E3FF4D /* PBXTargetDependency */,
			);
			name = ConveneUITests;
			productName = ConveneUITests;
			productReference = A22A1E802C36E36C00E3FF4D /* ConveneUITests.xctest */;
			productType = "com.apple.product-type.bundle.ui-testing";
		};
/* End PBXNativeTarget section */

/* Begin PBXProject section */
		A22A1E5E2C36E36800E3FF4D /* Project object */ = {
			isa = PBXProject;
			attributes = {
				BuildIndependentTargetsInParallel = 1;
				LastSwiftUpdateCheck = 1540;
				LastUpgradeCheck = 1540;
				TargetAttributes = {
					A22A1E652C36E36800E3FF4D = {
						CreatedOnToolsVersion = 15.4;
					};
					A22A1E752C36E36C00E3FF4D = {
						CreatedOnToolsVersion = 15.4;
						TestTargetID = A22A1E652C36E36800E3FF4D;
					};
					A22A1E7F2C36E36C00E3FF4D = {
						CreatedOnToolsVersion = 15.4;
						TestTargetID = A22A1E652C36E36800E3FF4D;
					};
				};
			};
			buildConfigurationList = A22A1E612C36E36800E3FF4D /* Build configuration list for PBXProject "Convene" */;
			compatibilityVersion = "Xcode 14.0";
			developmentRegion = en;
			hasScannedForEncodings = 0;
			knownRegions = (
				en,
				Base,
			);
			mainGroup = A22A1E5D2C36E36800E3FF4D;
			packageReferences = (
				A22A1E9A2C36E97B00E3FF4D /* XCRemoteSwiftPackageReference "ViewInspector" */,
			);
			productRefGroup = A22A1E672C36E36800E3FF4D /* Products */;
			projectDirPath = "";
			projectRoot = "";
			targets = (
				A22A1E652C36E36800E3FF4D /* Convene */,
				A22A1E752C36E36C00E3FF4D /* ConveneTests */,
				A22A1E7F2C36E36C00E3FF4D /* ConveneUITests */,
			);
		};
/* End PBXProject section */

/* Begin PBXResourcesBuildPhase section */
		A22A1E642C36E36800E3FF4D /* Resources */ = {
			isa = PBXResourcesBuildPhase;
			buildActionMask = 2147483647;
			files = (
				A22A1E942C36E6BD00E3FF4D /* Colors.xcassets in Resources */,
				A22A1E712C36E36C00E3FF4D /* Preview Assets.xcassets in Resources */,
				A22A1E6E2C36E36C00E3FF4D /* Assets.xcassets in Resources */,
			);
			runOnlyForDeploymentPostprocessing = 0;
		};
		A22A1E742C36E36C00E3FF4D /* Resources */ = {
			isa = PBXResourcesBuildPhase;
			buildActionMask = 2147483647;
			files = (
			);
			runOnlyForDeploymentPostprocessing = 0;
		};
		A22A1E7E2C36E36C00E3FF4D /* Resources */ = {
			isa = PBXResourcesBuildPhase;
			buildActionMask = 2147483647;
			files = (
			);
			runOnlyForDeploymentPostprocessing = 0;
		};
/* End PBXResourcesBuildPhase section */

/* Begin PBXSourcesBuildPhase section */
		A22A1E622C36E36800E3FF4D /* Sources */ = {
			isa = PBXSourcesBuildPhase;
			buildActionMask = 2147483647;
			files = (
				A22A1E992C36E84000E3FF4D /* HomeView.swift in Sources */,
				A22A1F0C2C39F4BA00E3FF4D /* TodayEventView.swift in Sources */,
				A22A1EB22C373F0500E3FF4D /* ProfileView.swift in Sources */,
				A22A1E6C2C36E36800E3FF4D /* ContentView.swift in Sources */,
				A22A1EA32C36ECCD00E3FF4D /* PostView.swift in Sources */,
				A22A1F0A2C399A2800E3FF4D /* EventGuestView.swift in Sources */,
				A22A1E6A2C36E36800E3FF4D /* ConveneApp.swift in Sources */,
				A22A1EAE2C372EDC00E3FF4D /* TextButton.swift in Sources */,
				A22A1F012C38604700E3FF4D /* SegmentInfoView.swift in Sources */,
				A22A1EA82C36F3CD00E3FF4D /* ButtonWithTextImage.swift in Sources */,
				A22A1EFF2C385FCF00E3FF4D /* ProfileEventView.swift in Sources */,
				A22A1EA62C36EEDD00E3FF4D /* ButtonWithImage.swift in Sources */,
				A22A1EFB2C385EE100E3FF4D /* AboutMeView.swift in Sources */,
				A22A1EFD2C385F6900E3FF4D /* InterestsView.swift in Sources */,
				A22A1EAC2C37000400E3FF4D /* PreferenceView.swift in Sources */,
				A22A1F082C38660300E3FF4D /* EventViewModel.swift in Sources */,
				A22A1F052C3864FD00E3FF4D /* CreateEventView.swift in Sources */,
			);
			runOnlyForDeploymentPostprocessing = 0;
		};
		A22A1E722C36E36C00E3FF4D /* Sources */ = {
			isa = PBXSourcesBuildPhase;
			buildActionMask = 2147483647;
			files = (
				A22A1E7B2C36E36C00E3FF4D /* ConveneTests.swift in Sources */,
				A22A1E9F2C36E99800E3FF4D /* HomeViewTests.swift in Sources */,
			);
			runOnlyForDeploymentPostprocessing = 0;
		};
		A22A1E7C2C36E36C00E3FF4D /* Sources */ = {
			isa = PBXSourcesBuildPhase;
			buildActionMask = 2147483647;
			files = (
				A22A1E852C36E36C00E3FF4D /* ConveneUITests.swift in Sources */,
				A22A1E872C36E36C00E3FF4D /* ConveneUITestsLaunchTests.swift in Sources */,
			);
			runOnlyForDeploymentPostprocessing = 0;
		};
/* End PBXSourcesBuildPhase section */

/* Begin PBXTargetDependency section */
		A22A1E782C36E36C00E3FF4D /* PBXTargetDependency */ = {
			isa = PBXTargetDependency;
			target = A22A1E652C36E36800E3FF4D /* Convene */;
			targetProxy = A22A1E772C36E36C00E3FF4D /* PBXContainerItemProxy */;
		};
		A22A1E822C36E36C00E3FF4D /* PBXTargetDependency */ = {
			isa = PBXTargetDependency;
			target = A22A1E652C36E36800E3FF4D /* Convene */;
			targetProxy = A22A1E812C36E36C00E3FF4D /* PBXContainerItemProxy */;
		};
/* End PBXTargetDependency section */

/* Begin XCBuildConfiguration section */
		A22A1E882C36E36C00E3FF4D /* Debug */ = {
			isa = XCBuildConfiguration;
			buildSettings = {
				ALWAYS_SEARCH_USER_PATHS = NO;
				ASSETCATALOG_COMPILER_GENERATE_SWIFT_ASSET_SYMBOL_EXTENSIONS = YES;
				CLANG_ANALYZER_NONNULL = YES;
				CLANG_ANALYZER_NUMBER_OBJECT_CONVERSION = YES_AGGRESSIVE;
				CLANG_CXX_LANGUAGE_STANDARD = "gnu++20";
				CLANG_ENABLE_MODULES = YES;
				CLANG_ENABLE_OBJC_ARC = YES;
				CLANG_ENABLE_OBJC_WEAK = YES;
				CLANG_WARN_BLOCK_CAPTURE_AUTORELEASING = YES;
				CLANG_WARN_BOOL_CONVERSION = YES;
				CLANG_WARN_COMMA = YES;
				CLANG_WARN_CONSTANT_CONVERSION = YES;
				CLANG_WARN_DEPRECATED_OBJC_IMPLEMENTATIONS = YES;
				CLANG_WARN_DIRECT_OBJC_ISA_USAGE = YES_ERROR;
				CLANG_WARN_DOCUMENTATION_COMMENTS = YES;
				CLANG_WARN_EMPTY_BODY = YES;
				CLANG_WARN_ENUM_CONVERSION = YES;
				CLANG_WARN_INFINITE_RECURSION = YES;
				CLANG_WARN_INT_CONVERSION = YES;
				CLANG_WARN_NON_LITERAL_NULL_CONVERSION = YES;
				CLANG_WARN_OBJC_IMPLICIT_RETAIN_SELF = YES;
				CLANG_WARN_OBJC_LITERAL_CONVERSION = YES;
				CLANG_WARN_OBJC_ROOT_CLASS = YES_ERROR;
				CLANG_WARN_QUOTED_INCLUDE_IN_FRAMEWORK_HEADER = YES;
				CLANG_WARN_RANGE_LOOP_ANALYSIS = YES;
				CLANG_WARN_STRICT_PROTOTYPES = YES;
				CLANG_WARN_SUSPICIOUS_MOVE = YES;
				CLANG_WARN_UNGUARDED_AVAILABILITY = YES_AGGRESSIVE;
				CLANG_WARN_UNREACHABLE_CODE = YES;
				CLANG_WARN__DUPLICATE_METHOD_MATCH = YES;
				COPY_PHASE_STRIP = NO;
				DEBUG_INFORMATION_FORMAT = dwarf;
				ENABLE_STRICT_OBJC_MSGSEND = YES;
				ENABLE_TESTABILITY = YES;
				ENABLE_USER_SCRIPT_SANDBOXING = YES;
				GCC_C_LANGUAGE_STANDARD = gnu17;
				GCC_DYNAMIC_NO_PIC = NO;
				GCC_NO_COMMON_BLOCKS = YES;
				GCC_OPTIMIZATION_LEVEL = 0;
				GCC_PREPROCESSOR_DEFINITIONS = (
					"DEBUG=1",
					"$(inherited)",
				);
				GCC_WARN_64_TO_32_BIT_CONVERSION = YES;
				GCC_WARN_ABOUT_RETURN_TYPE = YES_ERROR;
				GCC_WARN_UNDECLARED_SELECTOR = YES;
				GCC_WARN_UNINITIALIZED_AUTOS = YES_AGGRESSIVE;
				GCC_WARN_UNUSED_FUNCTION = YES;
				GCC_WARN_UNUSED_VARIABLE = YES;
				IPHONEOS_DEPLOYMENT_TARGET = 16.0;
				LOCALIZATION_PREFERS_STRING_CATALOGS = YES;
				MTL_ENABLE_DEBUG_INFO = INCLUDE_SOURCE;
				MTL_FAST_MATH = YES;
				ONLY_ACTIVE_ARCH = YES;
				SDKROOT = iphoneos;
				SWIFT_ACTIVE_COMPILATION_CONDITIONS = "DEBUG $(inherited)";
				SWIFT_OPTIMIZATION_LEVEL = "-Onone";
			};
			name = Debug;
		};
		A22A1E892C36E36C00E3FF4D /* Release */ = {
			isa = XCBuildConfiguration;
			buildSettings = {
				ALWAYS_SEARCH_USER_PATHS = NO;
				ASSETCATALOG_COMPILER_GENERATE_SWIFT_ASSET_SYMBOL_EXTENSIONS = YES;
				CLANG_ANALYZER_NONNULL = YES;
				CLANG_ANALYZER_NUMBER_OBJECT_CONVERSION = YES_AGGRESSIVE;
				CLANG_CXX_LANGUAGE_STANDARD = "gnu++20";
				CLANG_ENABLE_MODULES = YES;
				CLANG_ENABLE_OBJC_ARC = YES;
				CLANG_ENABLE_OBJC_WEAK = YES;
				CLANG_WARN_BLOCK_CAPTURE_AUTORELEASING = YES;
				CLANG_WARN_BOOL_CONVERSION = YES;
				CLANG_WARN_COMMA = YES;
				CLANG_WARN_CONSTANT_CONVERSION = YES;
				CLANG_WARN_DEPRECATED_OBJC_IMPLEMENTATIONS = YES;
				CLANG_WARN_DIRECT_OBJC_ISA_USAGE = YES_ERROR;
				CLANG_WARN_DOCUMENTATION_COMMENTS = YES;
				CLANG_WARN_EMPTY_BODY = YES;
				CLANG_WARN_ENUM_CONVERSION = YES;
				CLANG_WARN_INFINITE_RECURSION = YES;
				CLANG_WARN_INT_CONVERSION = YES;
				CLANG_WARN_NON_LITERAL_NULL_CONVERSION = YES;
				CLANG_WARN_OBJC_IMPLICIT_RETAIN_SELF = YES;
				CLANG_WARN_OBJC_LITERAL_CONVERSION = YES;
				CLANG_WARN_OBJC_ROOT_CLASS = YES_ERROR;
				CLANG_WARN_QUOTED_INCLUDE_IN_FRAMEWORK_HEADER = YES;
				CLANG_WARN_RANGE_LOOP_ANALYSIS = YES;
				CLANG_WARN_STRICT_PROTOTYPES = YES;
				CLANG_WARN_SUSPICIOUS_MOVE = YES;
				CLANG_WARN_UNGUARDED_AVAILABILITY = YES_AGGRESSIVE;
				CLANG_WARN_UNREACHABLE_CODE = YES;
				CLANG_WARN__DUPLICATE_METHOD_MATCH = YES;
				COPY_PHASE_STRIP = NO;
				DEBUG_INFORMATION_FORMAT = "dwarf-with-dsym";
				ENABLE_NS_ASSERTIONS = NO;
				ENABLE_STRICT_OBJC_MSGSEND = YES;
				ENABLE_USER_SCRIPT_SANDBOXING = YES;
				GCC_C_LANGUAGE_STANDARD = gnu17;
				GCC_NO_COMMON_BLOCKS = YES;
				GCC_WARN_64_TO_32_BIT_CONVERSION = YES;
				GCC_WARN_ABOUT_RETURN_TYPE = YES_ERROR;
				GCC_WARN_UNDECLARED_SELECTOR = YES;
				GCC_WARN_UNINITIALIZED_AUTOS = YES_AGGRESSIVE;
				GCC_WARN_UNUSED_FUNCTION = YES;
				GCC_WARN_UNUSED_VARIABLE = YES;
				IPHONEOS_DEPLOYMENT_TARGET = 16.0;
				LOCALIZATION_PREFERS_STRING_CATALOGS = YES;
				MTL_ENABLE_DEBUG_INFO = NO;
				MTL_FAST_MATH = YES;
				SDKROOT = iphoneos;
				SWIFT_COMPILATION_MODE = wholemodule;
				VALIDATE_PRODUCT = YES;
			};
			name = Release;
		};
		A22A1E8B2C36E36C00E3FF4D /* Debug */ = {
			isa = XCBuildConfiguration;
			buildSettings = {
				ASSETCATALOG_COMPILER_APPICON_NAME = AppIcon;
				ASSETCATALOG_COMPILER_GLOBAL_ACCENT_COLOR_NAME = AccentColor;
				CODE_SIGN_STYLE = Automatic;
				CURRENT_PROJECT_VERSION = 1;
				DEVELOPMENT_ASSET_PATHS = "\"Convene/Preview Content\"";
				DEVELOPMENT_TEAM = A5T33ABXDL;
				ENABLE_PREVIEWS = YES;
				GENERATE_INFOPLIST_FILE = YES;
				INFOPLIST_KEY_UIApplicationSceneManifest_Generation = YES;
				INFOPLIST_KEY_UIApplicationSupportsIndirectInputEvents = YES;
				INFOPLIST_KEY_UILaunchScreen_Generation = YES;
				INFOPLIST_KEY_UISupportedInterfaceOrientations_iPad = "UIInterfaceOrientationPortrait UIInterfaceOrientationPortraitUpsideDown UIInterfaceOrientationLandscapeLeft UIInterfaceOrientationLandscapeRight";
				INFOPLIST_KEY_UISupportedInterfaceOrientations_iPhone = "UIInterfaceOrientationPortrait UIInterfaceOrientationLandscapeLeft UIInterfaceOrientationLandscapeRight";
				LD_RUNPATH_SEARCH_PATHS = (
					"$(inherited)",
					"@executable_path/Frameworks",
				);
				MARKETING_VERSION = 1.0;
				PRODUCT_BUNDLE_IDENTIFIER = sukh.Convene;
				PRODUCT_NAME = "$(TARGET_NAME)";
				SWIFT_EMIT_LOC_STRINGS = YES;
				SWIFT_VERSION = 5.0;
				TARGETED_DEVICE_FAMILY = "1,2";
			};
			name = Debug;
		};
		A22A1E8C2C36E36C00E3FF4D /* Release */ = {
			isa = XCBuildConfiguration;
			buildSettings = {
				ASSETCATALOG_COMPILER_APPICON_NAME = AppIcon;
				ASSETCATALOG_COMPILER_GLOBAL_ACCENT_COLOR_NAME = AccentColor;
				CODE_SIGN_STYLE = Automatic;
				CURRENT_PROJECT_VERSION = 1;
				DEVELOPMENT_ASSET_PATHS = "\"Convene/Preview Content\"";
				DEVELOPMENT_TEAM = A5T33ABXDL;
				ENABLE_PREVIEWS = YES;
				GENERATE_INFOPLIST_FILE = YES;
				INFOPLIST_KEY_UIApplicationSceneManifest_Generation = YES;
				INFOPLIST_KEY_UIApplicationSupportsIndirectInputEvents = YES;
				INFOPLIST_KEY_UILaunchScreen_Generation = YES;
				INFOPLIST_KEY_UISupportedInterfaceOrientations_iPad = "UIInterfaceOrientationPortrait UIInterfaceOrientationPortraitUpsideDown UIInterfaceOrientationLandscapeLeft UIInterfaceOrientationLandscapeRight";
				INFOPLIST_KEY_UISupportedInterfaceOrientations_iPhone = "UIInterfaceOrientationPortrait UIInterfaceOrientationLandscapeLeft UIInterfaceOrientationLandscapeRight";
				LD_RUNPATH_SEARCH_PATHS = (
					"$(inherited)",
					"@executable_path/Frameworks",
				);
				MARKETING_VERSION = 1.0;
				PRODUCT_BUNDLE_IDENTIFIER = sukh.Convene;
				PRODUCT_NAME = "$(TARGET_NAME)";
				SWIFT_EMIT_LOC_STRINGS = YES;
				SWIFT_VERSION = 5.0;
				TARGETED_DEVICE_FAMILY = "1,2";
			};
			name = Release;
		};
		A22A1E8E2C36E36C00E3FF4D /* Debug */ = {
			isa = XCBuildConfiguration;
			buildSettings = {
				ALWAYS_EMBED_SWIFT_STANDARD_LIBRARIES = YES;
				BUNDLE_LOADER = "$(TEST_HOST)";
				CODE_SIGN_STYLE = Automatic;
				CURRENT_PROJECT_VERSION = 1;
				DEVELOPMENT_TEAM = A5T33ABXDL;
				GENERATE_INFOPLIST_FILE = YES;
				IPHONEOS_DEPLOYMENT_TARGET = 16.0;
				MARKETING_VERSION = 1.0;
				PRODUCT_BUNDLE_IDENTIFIER = sukh.ConveneTests;
				PRODUCT_NAME = "$(TARGET_NAME)";
				SWIFT_EMIT_LOC_STRINGS = NO;
				SWIFT_VERSION = 5.0;
				TARGETED_DEVICE_FAMILY = "1,2";
				TEST_HOST = "$(BUILT_PRODUCTS_DIR)/Convene.app/$(BUNDLE_EXECUTABLE_FOLDER_PATH)/Convene";
			};
			name = Debug;
		};
		A22A1E8F2C36E36C00E3FF4D /* Release */ = {
			isa = XCBuildConfiguration;
			buildSettings = {
				ALWAYS_EMBED_SWIFT_STANDARD_LIBRARIES = YES;
				BUNDLE_LOADER = "$(TEST_HOST)";
				CODE_SIGN_STYLE = Automatic;
				CURRENT_PROJECT_VERSION = 1;
				DEVELOPMENT_TEAM = A5T33ABXDL;
				GENERATE_INFOPLIST_FILE = YES;
				IPHONEOS_DEPLOYMENT_TARGET = 16.0;
				MARKETING_VERSION = 1.0;
				PRODUCT_BUNDLE_IDENTIFIER = sukh.ConveneTests;
				PRODUCT_NAME = "$(TARGET_NAME)";
				SWIFT_EMIT_LOC_STRINGS = NO;
				SWIFT_VERSION = 5.0;
				TARGETED_DEVICE_FAMILY = "1,2";
				TEST_HOST = "$(BUILT_PRODUCTS_DIR)/Convene.app/$(BUNDLE_EXECUTABLE_FOLDER_PATH)/Convene";
			};
			name = Release;
		};
		A22A1E912C36E36C00E3FF4D /* Debug */ = {
			isa = XCBuildConfiguration;
			buildSettings = {
				ALWAYS_EMBED_SWIFT_STANDARD_LIBRARIES = YES;
				CODE_SIGN_STYLE = Automatic;
				CURRENT_PROJECT_VERSION = 1;
				DEVELOPMENT_TEAM = A5T33ABXDL;
				GENERATE_INFOPLIST_FILE = YES;
				MARKETING_VERSION = 1.0;
				PRODUCT_BUNDLE_IDENTIFIER = sukh.ConveneUITests;
				PRODUCT_NAME = "$(TARGET_NAME)";
				SWIFT_EMIT_LOC_STRINGS = NO;
				SWIFT_VERSION = 5.0;
				TARGETED_DEVICE_FAMILY = "1,2";
				TEST_TARGET_NAME = Convene;
			};
			name = Debug;
		};
		A22A1E922C36E36C00E3FF4D /* Release */ = {
			isa = XCBuildConfiguration;
			buildSettings = {
				ALWAYS_EMBED_SWIFT_STANDARD_LIBRARIES = YES;
				CODE_SIGN_STYLE = Automatic;
				CURRENT_PROJECT_VERSION = 1;
				DEVELOPMENT_TEAM = A5T33ABXDL;
				GENERATE_INFOPLIST_FILE = YES;
				MARKETING_VERSION = 1.0;
				PRODUCT_BUNDLE_IDENTIFIER = sukh.ConveneUITests;
				PRODUCT_NAME = "$(TARGET_NAME)";
				SWIFT_EMIT_LOC_STRINGS = NO;
				SWIFT_VERSION = 5.0;
				TARGETED_DEVICE_FAMILY = "1,2";
				TEST_TARGET_NAME = Convene;
			};
			name = Release;
		};
/* End XCBuildConfiguration section */

/* Begin XCConfigurationList section */
		A22A1E612C36E36800E3FF4D /* Build configuration list for PBXProject "Convene" */ = {
			isa = XCConfigurationList;
			buildConfigurations = (
				A22A1E882C36E36C00E3FF4D /* Debug */,
				A22A1E892C36E36C00E3FF4D /* Release */,
			);
			defaultConfigurationIsVisible = 0;
			defaultConfigurationName = Release;
		};
		A22A1E8A2C36E36C00E3FF4D /* Build configuration list for PBXNativeTarget "Convene" */ = {
			isa = XCConfigurationList;
			buildConfigurations = (
				A22A1E8B2C36E36C00E3FF4D /* Debug */,
				A22A1E8C2C36E36C00E3FF4D /* Release */,
			);
			defaultConfigurationIsVisible = 0;
			defaultConfigurationName = Release;
		};
		A22A1E8D2C36E36C00E3FF4D /* Build configuration list for PBXNativeTarget "ConveneTests" */ = {
			isa = XCConfigurationList;
			buildConfigurations = (
				A22A1E8E2C36E36C00E3FF4D /* Debug */,
				A22A1E8F2C36E36C00E3FF4D /* Release */,
			);
			defaultConfigurationIsVisible = 0;
			defaultConfigurationName = Release;
		};
		A22A1E902C36E36C00E3FF4D /* Build configuration list for PBXNativeTarget "ConveneUITests" */ = {
			isa = XCConfigurationList;
			buildConfigurations = (
				A22A1E912C36E36C00E3FF4D /* Debug */,
				A22A1E922C36E36C00E3FF4D /* Release */,
			);
			defaultConfigurationIsVisible = 0;
			defaultConfigurationName = Release;
		};
/* End XCConfigurationList section */

/* Begin XCRemoteSwiftPackageReference section */
		A22A1E9A2C36E97B00E3FF4D /* XCRemoteSwiftPackageReference "ViewInspector" */ = {
			isa = XCRemoteSwiftPackageReference;
			repositoryURL = "https://github.com/nalexn/ViewInspector";
			requirement = {
				kind = upToNextMinorVersion;
				minimumVersion = 0.9.11;
			};
		};
/* End XCRemoteSwiftPackageReference section */

/* Begin XCSwiftPackageProductDependency section */
		A22A1E9B2C36E97B00E3FF4D /* ViewInspector */ = {
			isa = XCSwiftPackageProductDependency;
			package = A22A1E9A2C36E97B00E3FF4D /* XCRemoteSwiftPackageReference "ViewInspector" */;
			productName = ViewInspector;
		};
/* End XCSwiftPackageProductDependency section */
	};
	rootObject = A22A1E5E2C36E36800E3FF4D /* Project object */;
}
